
Microsoft Visual Studio Solution File, Format Version 12.00
# Visual Studio Version 17
VisualStudioVersion = 17.14.37111.16 d17.14
MinimumVisualStudioVersion = 10.0.40219.1
Project("{FAE04EC0-301F-11D3-BF4B-00C04F79EFBC}") = "WindowsFormsApp3", "WindowsFormsApp3\WindowsFormsApp3.csproj", "{1284002C-7282-4468-97AD-92FF392B65F2}"
EndProject
Global
	GlobalSection(SolutionConfigurationPlatforms) = preSolution
		Debug|Any CPU = Debug|Any CPU
		Release|Any CPU = Release|Any CPU
	EndGlobalSection
	GlobalSection(ProjectConfigurationPlatforms) = postSolution
		{1284002C-7282-4468-97AD-92FF392B65F2}.Debug|Any CPU.ActiveCfg = Debug|Any CPU
		{1284002C-7282-4468-97AD-92FF392B65F2}.Debug|Any CPU.Build.0 = Debug|Any CPU
		{1284002C-7282-4468-97AD-92FF392B65F2}.Release|Any CPU.ActiveCfg = Release|Any CPU
		{1284002C-7282-4468-97AD-92FF392B65F2}.Release|Any CPU.Build.0 = Release|Any CPU
	EndGlobalSection
	GlobalSection(SolutionProperties) = preSolution
		HideSolutionNode = FALSE
	EndGlobalSection
	GlobalSection(ExtensibilityGlobals) = postSolution
		SolutionGuid = {A6F4C9F6-4503-4868-9576-17A4BF0F74FE}
	EndGlobalSection
EndGlobal
